
Microsoft Visual Studio Solution File, Format Version 12.00
# Visual Studio Version 17
VisualStudioVersion = 17.5.33530.505
MinimumVisualStudioVersion = 10.0.40219.1
Project("{9A19103F-16F7-4668-BE54-9A1E7A4F7556}") = "EmpresaVideojuegos.Modelos", "EmpresaVideojuegos.Modelos\EmpresaVideojuegos.Modelos.csproj", "{68EE76F5-F4FC-4CC5-B96D-C7B138844E97}"
EndProject
Project("{9A19103F-16F7-4668-BE54-9A1E7A4F7556}") = "EmpresaVideojuegos.API", "EmpresaVideojuegos.API\EmpresaVideojuegos.API.csproj", "{DB5833BD-E14A-460F-9748-F7557A338D87}"
EndProject
Project("{9A19103F-16F7-4668-BE54-9A1E7A4F7556}") = "EmpresaVideojuegos.UAPI", "EmpresaVideojuegos.UAPI\EmpresaVideojuegos.UAPI.csproj", "{A69AEB9C-905D-4A0D-AAE6-DBF19C4129AB}"
EndProject
Project("{9A19103F-16F7-4668-BE54-9A1E7A4F7556}") = "EmpresaVideojuegos.ConsolaTest", "EmpresaVideojuegos.ConsolaTest\EmpresaVideojuegos.ConsolaTest.csproj", "{5A0E02F0-00D5-4731-982E-89B6F7366827}"
EndProject
Project("{FAE04EC0-301F-11D3-BF4B-00C04F79EFBC}") = "EmpresaVideojuegos.WebMVC", "EmpresaVideojuegos.WebMVC\EmpresaVideojuegos.WebMVC.csproj", "{D8DD79BA-85DF-4469-9080-37BFFED8BE51}"
EndProject
Global
	GlobalSection(SolutionConfigurationPlatforms) = preSolution
		Debug|Any CPU = Debug|Any CPU
		Release|Any CPU = Release|Any CPU
	EndGlobalSection
	GlobalSection(ProjectConfigurationPlatforms) = postSolution
		{68EE76F5-F4FC-4CC5-B96D-C7B138844E97}.Debug|Any CPU.ActiveCfg = Debug|Any CPU
		{68EE76F5-F4FC-4CC5-B96D-C7B138844E97}.Debug|Any CPU.Build.0 = Debug|Any CPU
		{68EE76F5-F4FC-4CC5-B96D-C7B138844E97}.Release|Any CPU.ActiveCfg = Release|Any CPU
		{68EE76F5-F4FC-4CC5-B96D-C7B138844E97}.Release|Any CPU.Build.0 = Release|Any CPU
		{DB5833BD-E14A-460F-9748-F7557A338D87}.Debug|Any CPU.ActiveCfg = Debug|Any CPU
		{DB5833BD-E14A-460F-9748-F7557A338D87}.Debug|Any CPU.Build.0 = Debug|Any CPU
		{DB5833BD-E14A-460F-9748-F7557A338D87}.Release|Any CPU.ActiveCfg = Release|Any CPU
		{DB5833BD-E14A-460F-9748-F7557A338D87}.Release|Any CPU.Build.0 = Release|Any CPU
		{A69AEB9C-905D-4A0D-AAE6-DBF19C4129AB}.Debug|Any CPU.ActiveCfg = Debug|Any CPU
		{A69AEB9C-905D-4A0D-AAE6-DBF19C4129AB}.Debug|Any CPU.Build.0 = Debug|Any CPU
		{A69AEB9C-905D-4A0D-AAE6-DBF19C4129AB}.Release|Any CPU.ActiveCfg = Release|Any CPU
		{A69AEB9C-905D-4A0D-AAE6-DBF19C4129AB}.Release|Any CPU.Build.0 = Release|Any CPU
		{5A0E02F0-00D5-4731-982E-89B6F7366827}.Debug|Any CPU.ActiveCfg = Debug|Any CPU
		{5A0E02F0-00D5-4731-982E-89B6F7366827}.Debug|Any CPU.Build.0 = Debug|Any CPU
		{5A0E02F0-00D5-4731-982E-89B6F7366827}.Release|Any CPU.ActiveCfg = Release|Any CPU
		{5A0E02F0-00D5-4731-982E-89B6F7366827}.Release|Any CPU.Build.0 = Release|Any CPU
		{D8DD79BA-85DF-4469-9080-37BFFED8BE51}.Debug|Any CPU.ActiveCfg = Debug|Any CPU
		{D8DD79BA-85DF-4469-9080-37BFFED8BE51}.Debug|Any CPU.Build.0 = Debug|Any CPU
		{D8DD79BA-85DF-4469-9080-37BFFED8BE51}.Release|Any CPU.ActiveCfg = Release|Any CPU
		{D8DD79BA-85DF-4469-9080-37BFFED8BE51}.Release|Any CPU.Build.0 = Release|Any CPU
	EndGlobalSection
	GlobalSection(SolutionProperties) = preSolution
		HideSolutionNode = FALSE
	EndGlobalSection
	GlobalSection(ExtensibilityGlobals) = postSolution
		SolutionGuid = {F82F2E02-56C6-4216-8115-1AB4EC992BE6}
	EndGlobalSection
EndGlobal
